
Microsoft Visual Studio Solution File, Format Version 12.00
# Visual Studio Version 17
VisualStudioVersion = 17.13.35825.156 d17.13
MinimumVisualStudioVersion = 10.0.40219.1
Project("{FAE04EC0-301F-11D3-BF4B-00C04F79EFBC}") = "MyApp", "MyApp.csproj", "{6E291A54-4DC2-4B6A-8898-0701946545DF}"
EndProject
Global
	GlobalSection(SolutionConfigurationPlatforms) = preSolution
		Debug|Any CPU = Debug|Any CPU
		Release|Any CPU = Release|Any CPU
	EndGlobalSection
	GlobalSection(ProjectConfigurationPlatforms) = postSolution
		{6E291A54-4DC2-4B6A-8898-0701946545DF}.Debug|Any CPU.ActiveCfg = Debug|Any CPU
		{6E291A54-4DC2-4B6A-8898-0701946545DF}.Debug|Any CPU.Build.0 = Debug|Any CPU
		{6E291A54-4DC2-4B6A-8898-0701946545DF}.Release|Any CPU.ActiveCfg = Release|Any CPU
		{6E291A54-4DC2-4B6A-8898-0701946545DF}.Release|Any CPU.Build.0 = Release|Any CPU
	EndGlobalSection
	GlobalSection(SolutionProperties) = preSolution
		HideSolutionNode = FALSE
	EndGlobalSection
	GlobalSection(ExtensibilityGlobals) = postSolution
		SolutionGuid = {20CF240B-2FFA-4887-881F-0843EC840A88}
	EndGlobalSection
EndGlobal
